
Microsoft Visual Studio Solution File, Format Version 12.00
# Visual Studio 15
VisualStudioVersion = 15.0.28307.421
MinimumVisualStudioVersion = 10.0.40219.1
Project("{FAE04EC0-301F-11D3-BF4B-00C04F79EFBC}") = "dia2", "dia2\dia2.csproj", "{259B041C-1051-4B3C-9891-843FE28AFB57}"
EndProject
Global
	GlobalSection(SolutionConfigurationPlatforms) = preSolution
		Debug|Any CPU = Debug|Any CPU
		Release|Any CPU = Release|Any CPU
	EndGlobalSection
	GlobalSection(ProjectConfigurationPlatforms) = postSolution
		{259B041C-1051-4B3C-9891-843FE28AFB57}.Debug|Any CPU.ActiveCfg = Debug|Any CPU
		{259B041C-1051-4B3C-9891-843FE28AFB57}.Debug|Any CPU.Build.0 = Debug|Any CPU
		{259B041C-1051-4B3C-9891-843FE28AFB57}.Release|Any CPU.ActiveCfg = Release|Any CPU
		{259B041C-1051-4B3C-9891-843FE28AFB57}.Release|Any CPU.Build.0 = Release|Any CPU
	EndGlobalSection
	GlobalSection(SolutionProperties) = preSolution
		HideSolutionNode = FALSE
	EndGlobalSection
	GlobalSection(ExtensibilityGlobals) = postSolution
		SolutionGuid = {3830BFD3-39C9-4956-A422-E854466D0FAA}
	EndGlobalSection
EndGlobal
